
Microsoft Visual Studio Solution File, Format Version 12.00
# Visual Studio Version 17
VisualStudioVersion = 17.8.34309.116
MinimumVisualStudioVersion = 10.0.40219.1
Project("{9A19103F-16F7-4668-BE54-9A1E7A4F7556}") = "EmojiLibrary", "EmojiLibrary\EmojiLibrary.csproj", "{0BCBB21D-3647-47CF-BE9B-97B82888A0AE}"
EndProject
Project("{9A19103F-16F7-4668-BE54-9A1E7A4F7556}") = "TestProject1", "TestProject1\TestProject1.csproj", "{1EDCB254-C60E-4BCB-B2A0-37AD8E0C127E}"
EndProject
Project("{9A19103F-16F7-4668-BE54-9A1E7A4F7556}") = "lab14_1", "lab14_1\lab14_1.csproj", "{64C60C1F-9ED9-44D6-BB8F-A28FC3C22B2C}"
EndProject
Project("{FAE04EC0-301F-11D3-BF4B-00C04F79EFBC}") = "lab14_2", "lab14_2\lab14_2.csproj", "{C6DB39D4-9B24-4061-8C8B-439436FACDC8}"
EndProject
Global
	GlobalSection(SolutionConfigurationPlatforms) = preSolution
		Debug|Any CPU = Debug|Any CPU
		Release|Any CPU = Release|Any CPU
	EndGlobalSection
	GlobalSection(ProjectConfigurationPlatforms) = postSolution
		{0BCBB21D-3647-47CF-BE9B-97B82888A0AE}.Debug|Any CPU.ActiveCfg = Debug|Any CPU
		{0BCBB21D-3647-47CF-BE9B-97B82888A0AE}.Debug|Any CPU.Build.0 = Debug|Any CPU
		{0BCBB21D-3647-47CF-BE9B-97B82888A0AE}.Release|Any CPU.ActiveCfg = Release|Any CPU
		{0BCBB21D-3647-47CF-BE9B-97B82888A0AE}.Release|Any CPU.Build.0 = Release|Any CPU
		{1EDCB254-C60E-4BCB-B2A0-37AD8E0C127E}.Debug|Any CPU.ActiveCfg = Debug|Any CPU
		{1EDCB254-C60E-4BCB-B2A0-37AD8E0C127E}.Debug|Any CPU.Build.0 = Debug|Any CPU
		{1EDCB254-C60E-4BCB-B2A0-37AD8E0C127E}.Release|Any CPU.ActiveCfg = Release|Any CPU
		{1EDCB254-C60E-4BCB-B2A0-37AD8E0C127E}.Release|Any CPU.Build.0 = Release|Any CPU
		{64C60C1F-9ED9-44D6-BB8F-A28FC3C22B2C}.Debug|Any CPU.ActiveCfg = Debug|Any CPU
		{64C60C1F-9ED9-44D6-BB8F-A28FC3C22B2C}.Debug|Any CPU.Build.0 = Debug|Any CPU
		{64C60C1F-9ED9-44D6-BB8F-A28FC3C22B2C}.Release|Any CPU.ActiveCfg = Release|Any CPU
		{64C60C1F-9ED9-44D6-BB8F-A28FC3C22B2C}.Release|Any CPU.Build.0 = Release|Any CPU
		{C6DB39D4-9B24-4061-8C8B-439436FACDC8}.Debug|Any CPU.ActiveCfg = Debug|Any CPU
		{C6DB39D4-9B24-4061-8C8B-439436FACDC8}.Debug|Any CPU.Build.0 = Debug|Any CPU
		{C6DB39D4-9B24-4061-8C8B-439436FACDC8}.Release|Any CPU.ActiveCfg = Release|Any CPU
		{C6DB39D4-9B24-4061-8C8B-439436FACDC8}.Release|Any CPU.Build.0 = Release|Any CPU
	EndGlobalSection
	GlobalSection(SolutionProperties) = preSolution
		HideSolutionNode = FALSE
	EndGlobalSection
	GlobalSection(ExtensibilityGlobals) = postSolution
		SolutionGuid = {FFA600C3-F32D-489F-8A61-CBD07FCA583B}
	EndGlobalSection
EndGlobal
